{
  "originHash" : "18b2cbbf6106907d21183b9690cef69722461cd47284e1a2fa486744127c0798",
  "pins" : [
    {
      "identity" : "corelibrary",
      "kind" : "remoteSourceControl",
      "location" : "https://github.com/s1nketsu/CoreLibrary.git",
      "state" : {
        "branch" : "develop",
        "revision" : "3b06e0b4c81081a9e27f93f294c9f8f71274ee63"
      }
    },
    {
      "identity" : "lookinserver",
      "kind" : "remoteSourceControl",
      "location" : "https://github.com/QMUI/LookinServer/",
      "state" : {
        "revision" : "e553d1b689d147817dc54ad5c28fcff71e860101",
        "version" : "1.2.8"
      }
    }
  ],
  "version" : 3
}
